
Microsoft Visual Studio Solution File, Format Version 12.00
# Visual Studio Version 17
VisualStudioVersion = 17.2.32317.152
MinimumVisualStudioVersion = 10.0.40219.1
Project("{FAE04EC0-301F-11D3-BF4B-00C04F79EFBC}") = "CodoPolygon", "CodoPolygon\CodoPolygon.csproj", "{DAF711DC-EC0E-4144-BB94-CC7BECCEC5EC}"
EndProject
Project("{FAE04EC0-301F-11D3-BF4B-00C04F79EFBC}") = "CodoPolygon.Tests", "CodoPolygon.Tests\CodoPolygon.Tests.csproj", "{CE74DAAC-F2F3-4D72-8D50-507CFF9A2D55}"
EndProject
Project("{FAE04EC0-301F-11D3-BF4B-00C04F79EFBC}") = "CodoPolygon.DAL", "CodoPolygon.DAL\CodoPolygon.DAL.csproj", "{DF97176A-B9A1-4451-AD34-A230FD388559}"
EndProject
Project("{FAE04EC0-301F-11D3-BF4B-00C04F79EFBC}") = "CodoPolygon.Business", "CodoPolygon.Business\CodoPolygon.Business.csproj", "{35E8F41F-CBA5-4DDD-9398-EDAE176746A9}"
EndProject
Global
	GlobalSection(SolutionConfigurationPlatforms) = preSolution
		Debug|Any CPU = Debug|Any CPU
		Release|Any CPU = Release|Any CPU
	EndGlobalSection
	GlobalSection(ProjectConfigurationPlatforms) = postSolution
		{DAF711DC-EC0E-4144-BB94-CC7BECCEC5EC}.Debug|Any CPU.ActiveCfg = Debug|Any CPU
		{DAF711DC-EC0E-4144-BB94-CC7BECCEC5EC}.Debug|Any CPU.Build.0 = Debug|Any CPU
		{DAF711DC-EC0E-4144-BB94-CC7BECCEC5EC}.Release|Any CPU.ActiveCfg = Release|Any CPU
		{DAF711DC-EC0E-4144-BB94-CC7BECCEC5EC}.Release|Any CPU.Build.0 = Release|Any CPU
		{CE74DAAC-F2F3-4D72-8D50-507CFF9A2D55}.Debug|Any CPU.ActiveCfg = Debug|Any CPU
		{CE74DAAC-F2F3-4D72-8D50-507CFF9A2D55}.Debug|Any CPU.Build.0 = Debug|Any CPU
		{CE74DAAC-F2F3-4D72-8D50-507CFF9A2D55}.Release|Any CPU.ActiveCfg = Release|Any CPU
		{CE74DAAC-F2F3-4D72-8D50-507CFF9A2D55}.Release|Any CPU.Build.0 = Release|Any CPU
		{DF97176A-B9A1-4451-AD34-A230FD388559}.Debug|Any CPU.ActiveCfg = Debug|Any CPU
		{DF97176A-B9A1-4451-AD34-A230FD388559}.Debug|Any CPU.Build.0 = Debug|Any CPU
		{DF97176A-B9A1-4451-AD34-A230FD388559}.Release|Any CPU.ActiveCfg = Release|Any CPU
		{DF97176A-B9A1-4451-AD34-A230FD388559}.Release|Any CPU.Build.0 = Release|Any CPU
		{35E8F41F-CBA5-4DDD-9398-EDAE176746A9}.Debug|Any CPU.ActiveCfg = Debug|Any CPU
		{35E8F41F-CBA5-4DDD-9398-EDAE176746A9}.Debug|Any CPU.Build.0 = Debug|Any CPU
		{35E8F41F-CBA5-4DDD-9398-EDAE176746A9}.Release|Any CPU.ActiveCfg = Release|Any CPU
		{35E8F41F-CBA5-4DDD-9398-EDAE176746A9}.Release|Any CPU.Build.0 = Release|Any CPU
	EndGlobalSection
	GlobalSection(SolutionProperties) = preSolution
		HideSolutionNode = FALSE
	EndGlobalSection
	GlobalSection(ExtensibilityGlobals) = postSolution
		SolutionGuid = {3115771A-F991-49A4-A603-0F7030CC0D36}
	EndGlobalSection
EndGlobal
